<?xml version="1.0" encoding="utf-8"?>
<Project ToolsVersion="16.0" xmlns="http://schemas.microsoft.com/developer/msbuild/2003">
  <ItemGroup>
    <CustomBuild Include="C:\Users\Goldd\Documents\6.837\final project\6.837-Graphics-Final-Project\build_windows\CMakeFiles\fb978c4b992951cd59e4b4af85bda183\INSTALL_force.rule">
      <Filter>CMake Rules</Filter>
    </CustomBuild>
  </ItemGroup>
  <ItemGroup>
    <Filter Include="CMake Rules">
      <UniqueIdentifier>{5A941163-CA51-3640-BE35-168FBD116353}</UniqueIdentifier>
    </Filter>
  </ItemGroup>
</Project>
